// !$*UTF8*$!
{
	archiveVersion = 1;
	classes = {
	};
	objectVersion = 56;
	objects = {

/* Begin PBXBuildFile section */
		76AD6CD62937ABAD00867C1C /* LandmarkPracticeApp.swift in Sources */ = {isa = PBXBuildFile; fileRef = 76AD6CD52937ABAD00867C1C /* LandmarkPracticeApp.swift */; };
		76AD6CD82937ABAD00867C1C /* ContentView.swift in Sources */ = {isa = PBXBuildFile; fileRef = 76AD6CD72937ABAD00867C1C /* ContentView.swift */; };
		76AD6CDA2937ABAD00867C1C /* Assets.xcassets in Resources */ = {isa = PBXBuildFile; fileRef = 76AD6CD92937ABAD00867C1C /* Assets.xcassets */; };
		76AD6CDD2937ABAD00867C1C /* Preview Assets.xcassets in Resources */ = {isa = PBXBuildFile; fileRef = 76AD6CDC2937ABAD00867C1C /* Preview Assets.xcassets */; };
		76AD6CE42937B05600867C1C /* CircleImage.swift in Sources */ = {isa = PBXBuildFile; fileRef = 76AD6CE32937B05600867C1C /* CircleImage.swift */; };
		76AD6CE62937B12100867C1C /* MapView.swift in Sources */ = {isa = PBXBuildFile; fileRef = 76AD6CE52937B12100867C1C /* MapView.swift */; };
		76AD6CE82937B5B000867C1C /* landmarkData.json in Resources */ = {isa = PBXBuildFile; fileRef = 76AD6CE72937B5B000867C1C /* landmarkData.json */; };
		76AD6CEA2937B5F100867C1C /* Landmark.swift in Sources */ = {isa = PBXBuildFile; fileRef = 76AD6CE92937B5F100867C1C /* Landmark.swift */; };
		76AD6CEC2937B9CF00867C1C /* ModelData.swift in Sources */ = {isa = PBXBuildFile; fileRef = 76AD6CEB2937B9CF00867C1C /* ModelData.swift */; };
		76AD6CF22937BAD100867C1C /* LandmarkRow.swift in Sources */ = {isa = PBXBuildFile; fileRef = 76AD6CF12937BAD100867C1C /* LandmarkRow.swift */; };
		76AD6CF42937BC4E00867C1C /* LandmarkList.swift in Sources */ = {isa = PBXBuildFile; fileRef = 76AD6CF32937BC4E00867C1C /* LandmarkList.swift */; };
		76AD6CF62937BE0100867C1C /* LandmarkDetail.swift in Sources */ = {isa = PBXBuildFile; fileRef = 76AD6CF52937BE0100867C1C /* LandmarkDetail.swift */; };
/* End PBXBuildFile section */

/* Begin PBXFileReference section */
		76AD6CD22937ABAD00867C1C /* LandmarkPractice.app */ = {isa = PBXFileReference; explicitFileType = wrapper.application; includeInIndex = 0; path = LandmarkPractice.app; sourceTree = BUILT_PRODUCTS_DIR; };
		76AD6CD52937ABAD00867C1C /* LandmarkPracticeApp.swift */ = {isa = PBXFileReference; lastKnownFileType = sourcecode.swift; path = LandmarkPracticeApp.swift; sourceTree = "<group>"; };
		76AD6CD72937ABAD00867C1C /* ContentView.swift */ = {isa = PBXFileReference; lastKnownFileType = sourcecode.swift; path = ContentView.swift; sourceTree = "<group>"; };
		76AD6CD92937ABAD00867C1C /* Assets.xcassets */ = {isa = PBXFileReference; lastKnownFileType = folder.assetcatalog; path = Assets.xcassets; sourceTree = "<group>"; };
		76AD6CDC2937ABAD00867C1C /* Preview Assets.xcassets */ = {isa = PBXFileReference; lastKnownFileType = folder.assetcatalog; path = "Preview Assets.xcassets"; sourceTree = "<group>"; };
		76AD6CE32937B05600867C1C /* CircleImage.swift */ = {isa = PBXFileReference; lastKnownFileType = sourcecode.swift; path = CircleImage.swift; sourceTree = "<group>"; };
		76AD6CE52937B12100867C1C /* MapView.swift */ = {isa = PBXFileReference; lastKnownFileType = sourcecode.swift; path = MapView.swift; sourceTree = "<group>"; };
		76AD6CE72937B5B000867C1C /* landmarkData.json */ = {isa = PBXFileReference; fileEncoding = 4; lastKnownFileType = text.json; path = landmarkData.json; sourceTree = "<group>"; };
		76AD6CE92937B5F100867C1C /* Landmark.swift */ = {isa = PBXFileReference; lastKnownFileType = sourcecode.swift; path = Landmark.swift; sourceTree = "<group>"; };
		76AD6CEB2937B9CF00867C1C /* ModelData.swift */ = {isa = PBXFileReference; lastKnownFileType = sourcecode.swift; path = ModelData.swift; sourceTree = "<group>"; };
		76AD6CF12937BAD100867C1C /* LandmarkRow.swift */ = {isa = PBXFileReference; lastKnownFileType = sourcecode.swift; path = LandmarkRow.swift; sourceTree = "<group>"; };
		76AD6CF32937BC4E00867C1C /* LandmarkList.swift */ = {isa = PBXFileReference; lastKnownFileType = sourcecode.swift; path = LandmarkList.swift; sourceTree = "<group>"; };
		76AD6CF52937BE0100867C1C /* LandmarkDetail.swift */ = {isa = PBXFileReference; lastKnownFileType = sourcecode.swift; path = LandmarkDetail.swift; sourceTree = "<group>"; };
/* End PBXFileReference section */

/* Begin PBXFrameworksBuildPhase section */
		76AD6CCF2937ABAD00867C1C /* Frameworks */ = {
			isa = PBXFrameworksBuildPhase;
			buildActionMask = 2147483647;
			files = (
			);
			runOnlyForDeploymentPostprocessing = 0;
		};
/* End PBXFrameworksBuildPhase section */

/* Begin PBXGroup section */
		76AD6CC92937ABAD00867C1C = {
			isa = PBXGroup;
			children = (
				76AD6CD42937ABAD00867C1C /* LandmarkPractice */,
				76AD6CD32937ABAD00867C1C /* Products */,
			);
			sourceTree = "<group>";
		};
		76AD6CD32937ABAD00867C1C /* Products */ = {
			isa = PBXGroup;
			children = (
				76AD6CD22937ABAD00867C1C /* LandmarkPractice.app */,
			);
			name = Products;
			sourceTree = "<group>";
		};
		76AD6CD42937ABAD00867C1C /* LandmarkPractice */ = {
			isa = PBXGroup;
			children = (
				76AD6CD52937ABAD00867C1C /* LandmarkPracticeApp.swift */,
				76AD6CED2937BA1000867C1C /* Views */,
				76AD6CEE2937BA1300867C1C /* Model */,
				76AD6CF02937BA5600867C1C /* Resources */,
				76AD6CD92937ABAD00867C1C /* Assets.xcassets */,
				76AD6CDB2937ABAD00867C1C /* Preview Content */,
			);
			path = LandmarkPractice;
			sourceTree = "<group>";
		};
		76AD6CDB2937ABAD00867C1C /* Preview Content */ = {
			isa = PBXGroup;
			children = (
				76AD6CDC2937ABAD00867C1C /* Preview Assets.xcassets */,
			);
			path = "Preview Content";
			sourceTree = "<group>";
		};
		76AD6CED2937BA1000867C1C /* Views */ = {
			isa = PBXGroup;
			children = (
				76AD6CD72937ABAD00867C1C /* ContentView.swift */,
				76AD6CE32937B05600867C1C /* CircleImage.swift */,
				76AD6CE52937B12100867C1C /* MapView.swift */,
				76AD6CF12937BAD100867C1C /* LandmarkRow.swift */,
				76AD6CF32937BC4E00867C1C /* LandmarkList.swift */,
				76AD6CF52937BE0100867C1C /* LandmarkDetail.swift */,
			);
			path = Views;
			sourceTree = "<group>";
		};
		76AD6CEE2937BA1300867C1C /* Model */ = {
			isa = PBXGroup;
			children = (
				76AD6CE92937B5F100867C1C /* Landmark.swift */,
				76AD6CEB2937B9CF00867C1C /* ModelData.swift */,
			);
			name = Model;
			path = "New Group/Model";
			sourceTree = "<group>";
		};
		76AD6CF02937BA5600867C1C /* Resources */ = {
			isa = PBXGroup;
			children = (
				76AD6CE72937B5B000867C1C /* landmarkData.json */,
			);
			path = Resources;
			sourceTree = "<group>";
		};
/* End PBXGroup section */

/* Begin PBXNativeTarget section */
		76AD6CD12937ABAD00867C1C /* LandmarkPractice */ = {
			isa = PBXNativeTarget;
			buildConfigurationList = 76AD6CE02937ABAD00867C1C /* Build configuration list for PBXNativeTarget "LandmarkPractice" */;
			buildPhases = (
				76AD6CCE2937ABAD00867C1C /* Sources */,
				76AD6CCF2937ABAD00867C1C /* Frameworks */,
				76AD6CD02937ABAD00867C1C /* Resources */,
			);
			buildRules = (
			);
			dependencies = (
			);
			name = LandmarkPractice;
			productName = LandmarkPractice;
			productReference = 76AD6CD22937ABAD00867C1C /* LandmarkPractice.app */;
			productType = "com.apple.product-type.application";
		};
/* End PBXNativeTarget section */

/* Begin PBXProject section */
		76AD6CCA2937ABAD00867C1C /* Project object */ = {
			isa = PBXProject;
			attributes = {
				BuildIndependentTargetsInParallel = 1;
				LastSwiftUpdateCheck = 1410;
				LastUpgradeCheck = 1410;
				TargetAttributes = {
					76AD6CD12937ABAD00867C1C = {
						CreatedOnToolsVersion = 14.1;
					};
				};
			};
			buildConfigurationList = 76AD6CCD2937ABAD00867C1C /* Build configuration list for PBXProject "LandmarkPractice" */;
			compatibilityVersion = "Xcode 14.0";
			developmentRegion = en;
			hasScannedForEncodings = 0;
			knownRegions = (
				en,
				Base,
			);
			mainGroup = 76AD6CC92937ABAD00867C1C;
			productRefGroup = 76AD6CD32937ABAD00867C1C /* Products */;
			projectDirPath = "";
			projectRoot = "";
			targets = (
				76AD6CD12937ABAD00867C1C /* LandmarkPractice */,
			);
		};
/* End PBXProject section */

/* Begin PBXResourcesBuildPhase section */
		76AD6CD02937ABAD00867C1C /* Resources */ = {
			isa = PBXResourcesBuildPhase;
			buildActionMask = 2147483647;
			files = (
				76AD6CDD2937ABAD00867C1C /* Preview Assets.xcassets in Resources */,
				76AD6CDA2937ABAD00867C1C /* Assets.xcassets in Resources */,
				76AD6CE82937B5B000867C1C /* landmarkData.json in Resources */,
			);
			runOnlyForDeploymentPostprocessing = 0;
		};
/* End PBXResourcesBuildPhase section */

/* Begin PBXSourcesBuildPhase section */
		76AD6CCE2937ABAD00867C1C /* Sources */ = {
			isa = PBXSourcesBuildPhase;
			buildActionMask = 2147483647;
			files = (
				76AD6CD82937ABAD00867C1C /* ContentView.swift in Sources */,
				76AD6CE62937B12100867C1C /* MapView.swift in Sources */,
				76AD6CD62937ABAD00867C1C /* LandmarkPracticeApp.swift in Sources */,
				76AD6CF42937BC4E00867C1C /* LandmarkList.swift in Sources */,
				76AD6CF62937BE0100867C1C /* LandmarkDetail.swift in Sources */,
				76AD6CE42937B05600867C1C /* CircleImage.swift in Sources */,
				76AD6CEA2937B5F100867C1C /* Landmark.swift in Sources */,
				76AD6CF22937BAD100867C1C /* LandmarkRow.swift in Sources */,
				76AD6CEC2937B9CF00867C1C /* ModelData.swift in Sources */,
			);
			runOnlyForDeploymentPostprocessing = 0;
		};
/* End PBXSourcesBuildPhase section */

/* Begin XCBuildConfiguration section */
		76AD6CDE2937ABAD00867C1C /* Debug */ = {
			isa = XCBuildConfiguration;
			buildSettings = {
				ALWAYS_SEARCH_USER_PATHS = NO;
				CLANG_ANALYZER_NONNULL = YES;
				CLANG_ANALYZER_NUMBER_OBJECT_CONVERSION = YES_AGGRESSIVE;
				CLANG_CXX_LANGUAGE_STANDARD = "gnu++20";
				CLANG_ENABLE_MODULES = YES;
				CLANG_ENABLE_OBJC_ARC = YES;
				CLANG_ENABLE_OBJC_WEAK = YES;
				CLANG_WARN_BLOCK_CAPTURE_AUTORELEASING = YES;
				CLANG_WARN_BOOL_CONVERSION = YES;
				CLANG_WARN_COMMA = YES;
				CLANG_WARN_CONSTANT_CONVERSION = YES;
				CLANG_WARN_DEPRECATED_OBJC_IMPLEMENTATIONS = YES;
				CLANG_WARN_DIRECT_OBJC_ISA_USAGE = YES_ERROR;
				CLANG_WARN_DOCUMENTATION_COMMENTS = YES;
				CLANG_WARN_EMPTY_BODY = YES;
				CLANG_WARN_ENUM_CONVERSION = YES;
				CLANG_WARN_INFINITE_RECURSION = YES;
				CLANG_WARN_INT_CONVERSION = YES;
				CLANG_WARN_NON_LITERAL_NULL_CONVERSION = YES;
				CLANG_WARN_OBJC_IMPLICIT_RETAIN_SELF = YES;
				CLANG_WARN_OBJC_LITERAL_CONVERSION = YES;
				CLANG_WARN_OBJC_ROOT_CLASS = YES_ERROR;
				CLANG_WARN_QUOTED_INCLUDE_IN_FRAMEWORK_HEADER = YES;
				CLANG_WARN_RANGE_LOOP_ANALYSIS = YES;
				CLANG_WARN_STRICT_PROTOTYPES = YES;
				CLANG_WARN_SUSPICIOUS_MOVE = YES;
				CLANG_WARN_UNGUARDED_AVAILABILITY = YES_AGGRESSIVE;
				CLANG_WARN_UNREACHABLE_CODE = YES;
				CLANG_WARN__DUPLICATE_METHOD_MATCH = YES;
				COPY_PHASE_STRIP = NO;
				DEBUG_INFORMATION_FORMAT = dwarf;
				ENABLE_STRICT_OBJC_MSGSEND = YES;
				ENABLE_TESTABILITY = YES;
				GCC_C_LANGUAGE_STANDARD = gnu11;
				GCC_DYNAMIC_NO_PIC = NO;
				GCC_NO_COMMON_BLOCKS = YES;
				GCC_OPTIMIZATION_LEVEL = 0;
				GCC_PREPROCESSOR_DEFINITIONS = (
					"DEBUG=1",
					"$(inherited)",
				);
				GCC_WARN_64_TO_32_BIT_CONVERSION = YES;
				GCC_WARN_ABOUT_RETURN_TYPE = YES_ERROR;
				GCC_WARN_UNDECLARED_SELECTOR = YES;
				GCC_WARN_UNINITIALIZED_AUTOS = YES_AGGRESSIVE;
				GCC_WARN_UNUSED_FUNCTION = YES;
				GCC_WARN_UNUSED_VARIABLE = YES;
				IPHONEOS_DEPLOYMENT_TARGET = 16.1;
				MTL_ENABLE_DEBUG_INFO = INCLUDE_SOURCE;
				MTL_FAST_MATH = YES;
				ONLY_ACTIVE_ARCH = YES;
				SDKROOT = iphoneos;
				SWIFT_ACTIVE_COMPILATION_CONDITIONS = DEBUG;
				SWIFT_OPTIMIZATION_LEVEL = "-Onone";
			};
			name = Debug;
		};
		76AD6CDF2937ABAD00867C1C /* Release */ = {
			isa = XCBuildConfiguration;
			buildSettings = {
				ALWAYS_SEARCH_USER_PATHS = NO;
				CLANG_ANALYZER_NONNULL = YES;
				CLANG_ANALYZER_NUMBER_OBJECT_CONVERSION = YES_AGGRESSIVE;
				CLANG_CXX_LANGUAGE_STANDARD = "gnu++20";
				CLANG_ENABLE_MODULES = YES;
				CLANG_ENABLE_OBJC_ARC = YES;
				CLANG_ENABLE_OBJC_WEAK = YES;
				CLANG_WARN_BLOCK_CAPTURE_AUTORELEASING = YES;
				CLANG_WARN_BOOL_CONVERSION = YES;
				CLANG_WARN_COMMA = YES;
				CLANG_WARN_CONSTANT_CONVERSION = YES;
				CLANG_WARN_DEPRECATED_OBJC_IMPLEMENTATIONS = YES;
				CLANG_WARN_DIRECT_OBJC_ISA_USAGE = YES_ERROR;
				CLANG_WARN_DOCUMENTATION_COMMENTS = YES;
				CLANG_WARN_EMPTY_BODY = YES;
				CLANG_WARN_ENUM_CONVERSION = YES;
				CLANG_WARN_INFINITE_RECURSION = YES;
				CLANG_WARN_INT_CONVERSION = YES;
				CLANG_WARN_NON_LITERAL_NULL_CONVERSION = YES;
				CLANG_WARN_OBJC_IMPLICIT_RETAIN_SELF = YES;
				CLANG_WARN_OBJC_LITERAL_CONVERSION = YES;
				CLANG_WARN_OBJC_ROOT_CLASS = YES_ERROR;
				CLANG_WARN_QUOTED_INCLUDE_IN_FRAMEWORK_HEADER = YES;
				CLANG_WARN_RANGE_LOOP_ANALYSIS = YES;
				CLANG_WARN_STRICT_PROTOTYPES = YES;
				CLANG_WARN_SUSPICIOUS_MOVE = YES;
				CLANG_WARN_UNGUARDED_AVAILABILITY = YES_AGGRESSIVE;
				CLANG_WARN_UNREACHABLE_CODE = YES;
				CLANG_WARN__DUPLICATE_METHOD_MATCH = YES;
				COPY_PHASE_STRIP = NO;
				DEBUG_INFORMATION_FORMAT = "dwarf-with-dsym";
				ENABLE_NS_ASSERTIONS = NO;
				ENABLE_STRICT_OBJC_MSGSEND = YES;
				GCC_C_LANGUAGE_STANDARD = gnu11;
				GCC_NO_COMMON_BLOCKS = YES;
				GCC_WARN_64_TO_32_BIT_CONVERSION = YES;
				GCC_WARN_ABOUT_RETURN_TYPE = YES_ERROR;
				GCC_WARN_UNDECLARED_SELECTOR = YES;
				GCC_WARN_UNINITIALIZED_AUTOS = YES_AGGRESSIVE;
				GCC_WARN_UNUSED_FUNCTION = YES;
				GCC_WARN_UNUSED_VARIABLE = YES;
				IPHONEOS_DEPLOYMENT_TARGET = 16.1;
				MTL_ENABLE_DEBUG_INFO = NO;
				MTL_FAST_MATH = YES;
				SDKROOT = iphoneos;
				SWIFT_COMPILATION_MODE = wholemodule;
				SWIFT_OPTIMIZATION_LEVEL = "-O";
				VALIDATE_PRODUCT = YES;
			};
			name = Release;
		};
		76AD6CE12937ABAD00867C1C /* Debug */ = {
			isa = XCBuildConfiguration;
			buildSettings = {
				ASSETCATALOG_COMPILER_APPICON_NAME = AppIcon;
				ASSETCATALOG_COMPILER_GLOBAL_ACCENT_COLOR_NAME = AccentColor;
				CODE_SIGN_STYLE = Automatic;
				CURRENT_PROJECT_VERSION = 1;
				DEVELOPMENT_ASSET_PATHS = "\"LandmarkPractice/Preview Content\"";
				DEVELOPMENT_TEAM = 54ZG4WU22U;
				ENABLE_PREVIEWS = YES;
				GENERATE_INFOPLIST_FILE = YES;
				INFOPLIST_KEY_UIApplicationSceneManifest_Generation = YES;
				INFOPLIST_KEY_UIApplicationSupportsIndirectInputEvents = YES;
				INFOPLIST_KEY_UILaunchScreen_Generation = YES;
				INFOPLIST_KEY_UISupportedInterfaceOrientations_iPad = "UIInterfaceOrientationPortrait UIInterfaceOrientationPortraitUpsideDown UIInterfaceOrientationLandscapeLeft UIInterfaceOrientationLandscapeRight";
				INFOPLIST_KEY_UISupportedInterfaceOrientations_iPhone = "UIInterfaceOrientationPortrait UIInterfaceOrientationLandscapeLeft UIInterfaceOrientationLandscapeRight";
				LD_RUNPATH_SEARCH_PATHS = (
					"$(inherited)",
					"@executable_path/Frameworks",
				);
				MARKETING_VERSION = 1.0;
				PRODUCT_BUNDLE_IDENTIFIER = com.codeduck.LandmarkPractice;
				PRODUCT_NAME = "$(TARGET_NAME)";
				SWIFT_EMIT_LOC_STRINGS = YES;
				SWIFT_VERSION = 5.0;
				TARGETED_DEVICE_FAMILY = "1,2";
			};
			name = Debug;
		};
		76AD6CE22937ABAD00867C1C /* Release */ = {
			isa = XCBuildConfiguration;
			buildSettings = {
				ASSETCATALOG_COMPILER_APPICON_NAME = AppIcon;
				ASSETCATALOG_COMPILER_GLOBAL_ACCENT_COLOR_NAME = AccentColor;
				CODE_SIGN_STYLE = Automatic;
				CURRENT_PROJECT_VERSION = 1;
				DEVELOPMENT_ASSET_PATHS = "\"LandmarkPractice/Preview Content\"";
				DEVELOPMENT_TEAM = 54ZG4WU22U;
				ENABLE_PREVIEWS = YES;
				GENERATE_INFOPLIST_FILE = YES;
				INFOPLIST_KEY_UIApplicationSceneManifest_Generation = YES;
				INFOPLIST_KEY_UIApplicationSupportsIndirectInputEvents = YES;
				INFOPLIST_KEY_UILaunchScreen_Generation = YES;
				INFOPLIST_KEY_UISupportedInterfaceOrientations_iPad = "UIInterfaceOrientationPortrait UIInterfaceOrientationPortraitUpsideDown UIInterfaceOrientationLandscapeLeft UIInterfaceOrientationLandscapeRight";
				INFOPLIST_KEY_UISupportedInterfaceOrientations_iPhone = "UIInterfaceOrientationPortrait UIInterfaceOrientationLandscapeLeft UIInterfaceOrientationLandscapeRight";
				LD_RUNPATH_SEARCH_PATHS = (
					"$(inherited)",
					"@executable_path/Frameworks",
				);
				MARKETING_VERSION = 1.0;
				PRODUCT_BUNDLE_IDENTIFIER = com.codeduck.LandmarkPractice;
				PRODUCT_NAME = "$(TARGET_NAME)";
				SWIFT_EMIT_LOC_STRINGS = YES;
				SWIFT_VERSION = 5.0;
				TARGETED_DEVICE_FAMILY = "1,2";
			};
			name = Release;
		};
/* End XCBuildConfiguration section */

/* Begin XCConfigurationList section */
		76AD6CCD2937ABAD00867C1C /* Build configuration list for PBXProject "LandmarkPractice" */ = {
			isa = XCConfigurationList;
			buildConfigurations = (
				76AD6CDE2937ABAD00867C1C /* Debug */,
				76AD6CDF2937ABAD00867C1C /* Release */,
			);
			defaultConfigurationIsVisible = 0;
			defaultConfigurationName = Release;
		};
		76AD6CE02937ABAD00867C1C /* Build configuration list for PBXNativeTarget "LandmarkPractice" */ = {
			isa = XCConfigurationList;
			buildConfigurations = (
				76AD6CE12937ABAD00867C1C /* Debug */,
				76AD6CE22937ABAD00867C1C /* Release */,
			);
			defaultConfigurationIsVisible = 0;
			defaultConfigurationName = Release;
		};
/* End XCConfigurationList section */
	};
	rootObject = 76AD6CCA2937ABAD00867C1C /* Project object */;
}
